// !$*UTF8*$!
{
	archiveVersion = 1;
	classes = {
	};
	objectVersion = 77;
	objects = {

/* Begin PBXBuildFile section */
		BB01DB712ECB543100F412D8 /* OpenAIProvider.swift in Sources */ = {isa = PBXBuildFile; fileRef = BB01DB702ECB542C00F412D8 /* OpenAIProvider.swift */; };
		BB26FA232EC1ED8E00EB3280 /* ZIPFoundation in Frameworks */ = {isa = PBXBuildFile; productRef = BB26FA222EC1ED8E00EB3280 /* ZIPFoundation */; };
		BB26FA262EC1EF9600EB3280 /* PediaShared in Frameworks */ = {isa = PBXBuildFile; productRef = BB26FA252EC1EF9600EB3280 /* PediaShared */; };
		BB26FA292EC1EFE700EB3280 /* PediaShared in Frameworks */ = {isa = PBXBuildFile; productRef = BB26FA282EC1EFE700EB3280 /* PediaShared */; };
		BB3E15A32EB71C63008E1472 /* ReportBuilder.swift in Sources */ = {isa = PBXBuildFile; fileRef = BB3E15A22EB71C5A008E1472 /* ReportBuilder.swift */; };
		BB3E15AA2EB7489D008E1472 /* GoldenDB.swift in Sources */ = {isa = PBXBuildFile; fileRef = BB3E15A92EB74899008E1472 /* GoldenDB.swift */; };
		BB3E15AE2EB89905008E1472 /* ReportDataLoader.swift in Sources */ = {isa = PBXBuildFile; fileRef = BB3E15AD2EB89901008E1472 /* ReportDataLoader.swift */; };
		BB3E15B02EB89917008E1472 /* ReportDataModels.swift in Sources */ = {isa = PBXBuildFile; fileRef = BB3E15AF2EB89913008E1472 /* ReportDataModels.swift */; };
		BB564ADC2EADC30A00870007 /* ContentView.swift in Sources */ = {isa = PBXBuildFile; fileRef = BB564AD92EADC30A00870007 /* ContentView.swift */; };
		BB564ADD2EADC30A00870007 /* DrsMainAppApp.swift in Sources */ = {isa = PBXBuildFile; fileRef = BB564ADB2EADC30A00870007 /* DrsMainAppApp.swift */; };
		BB564AF42EAE15AE00870007 /* AppState.swift in Sources */ = {isa = PBXBuildFile; fileRef = BB564AF22EAE0D6800870007 /* AppState.swift */; };
		BB564AF52EAE15CC00870007 /* SidebarView.swift in Sources */ = {isa = PBXBuildFile; fileRef = BB564AF32EAE0DC500870007 /* SidebarView.swift */; };
		BB564AF72EAE5EF900870007 /* SchemaInitializer.swift in Sources */ = {isa = PBXBuildFile; fileRef = BB564AF62EAE5EF000870007 /* SchemaInitializer.swift */; };
		BB564AF92EAE5F7600870007 /* NewPatientSheet.swift in Sources */ = {isa = PBXBuildFile; fileRef = BB564AF82EAE5F7100870007 /* NewPatientSheet.swift */; };
		BB564AFB2EAF1A2000870007 /* FilePicker.swift in Sources */ = {isa = PBXBuildFile; fileRef = BB564AFA2EAF1A1200870007 /* FilePicker.swift */; };
		BB564AFD2EAF1F6100870007 /* BundleDetailView.swift in Sources */ = {isa = PBXBuildFile; fileRef = BB564AFC2EAF1F5800870007 /* BundleDetailView.swift */; };
		BB564AFF2EAF25EF00870007 /* PatientsListView.swift in Sources */ = {isa = PBXBuildFile; fileRef = BB564AFE2EAF25EA00870007 /* PatientsListView.swift */; };
		BB564B012EAF3C6400870007 /* PatientDetailView.swift in Sources */ = {isa = PBXBuildFile; fileRef = BB564B002EAF3C5D00870007 /* PatientDetailView.swift */; };
		BB654B1D2EB4619900FDAA71 /* DocumentListView.swift in Sources */ = {isa = PBXBuildFile; fileRef = BB654B1C2EB4619400FDAA71 /* DocumentListView.swift */; };
		BB6D4C062EB486A70065EF3E /* AliasGenerator.swift in Sources */ = {isa = PBXBuildFile; fileRef = BB6D4C052EB486980065EF3E /* AliasGenerator.swift */; };
		BB6D4C082EB487170065EF3E /* MRNGenerator.swift in Sources */ = {isa = PBXBuildFile; fileRef = BB6D4C072EB486F50065EF3E /* MRNGenerator.swift */; };
		BB6E2F832EC858650044F225 /* VitalsStore.swift in Sources */ = {isa = PBXBuildFile; fileRef = BB6E2F822EC858600044F225 /* VitalsStore.swift */; };
		BB6E2F852EC8665C0044F225 /* VitalsRanges.swift in Sources */ = {isa = PBXBuildFile; fileRef = BB6E2F842EC866470044F225 /* VitalsRanges.swift */; };
		BB6E2F8D2EC8722A0044F225 /* VitalsBP.swift in Sources */ = {isa = PBXBuildFile; fileRef = BB6E2F8C2EC872250044F225 /* VitalsBP.swift */; };
		BB9186852EC6E29D00A8AA8A /* PmhStore.swift in Sources */ = {isa = PBXBuildFile; fileRef = BB9186842EC6E29800A8AA8A /* PmhStore.swift */; };
		BB9186872EC6E9F100A8AA8A /* PmhForm.swift in Sources */ = {isa = PBXBuildFile; fileRef = BB9186862EC6E9E900A8AA8A /* PmhForm.swift */; };
		BB9186892EC6F48F00A8AA8A /* VaccinationStatusForm.swift in Sources */ = {isa = PBXBuildFile; fileRef = BB9186882EC6F48A00A8AA8A /* VaccinationStatusForm.swift */; };
		BB91868B2EC707F300A8AA8A /* EpisodeStore.swift in Sources */ = {isa = PBXBuildFile; fileRef = BB91868A2EC707EF00A8AA8A /* EpisodeStore.swift */; };
		BB91868D2EC7141800A8AA8A /* SickEpisodeForm.swift in Sources */ = {isa = PBXBuildFile; fileRef = BB91868C2EC7141500A8AA8A /* SickEpisodeForm.swift */; };
		BB96A56B2EBB3311003F5C44 /* GrowthModels.swift in Sources */ = {isa = PBXBuildFile; fileRef = BB96A56A2EBB330D003F5C44 /* GrowthModels.swift */; };
		BB96A56D2EBB3334003F5C44 /* GrowthWHO.swift in Sources */ = {isa = PBXBuildFile; fileRef = BB96A56C2EBB332E003F5C44 /* GrowthWHO.swift */; };
		BB96A56F2EBB3355003F5C44 /* GrowthChartRenderer.swift in Sources */ = {isa = PBXBuildFile; fileRef = BB96A56E2EBB3350003F5C44 /* GrowthChartRenderer.swift */; };
		BB96A5732EBB3A2D003F5C44 /* ReportGrowthRenderer.swift in Sources */ = {isa = PBXBuildFile; fileRef = BB96A5722EBB3A28003F5C44 /* ReportGrowthRenderer.swift */; };
		BB9E72BD2EAD1A1C00601148 /* PediaShared in Frameworks */ = {isa = PBXBuildFile; productRef = BB9E72BC2EAD1A1C00601148 /* PediaShared */; };
		BB9EB0DB2EC0CD0100308D39 /* MacBundleExporter.swift in Sources */ = {isa = PBXBuildFile; fileRef = BB9EB0DA2EC0CCF500308D39 /* MacBundleExporter.swift */; };
		BB9EB0DD2EC0D05200308D39 /* BundleExporter.swift in Sources */ = {isa = PBXBuildFile; fileRef = BB9EB0DC2EC0D03E00308D39 /* BundleExporter.swift */; };
		BBA6AD532EB5B49E00BDA924 /* GrowthStore.swift in Sources */ = {isa = PBXBuildFile; fileRef = BBA6AD522EB5B48F00BDA924 /* GrowthStore.swift */; };
		BBA6AD552EB5B5D900BDA924 /* GrowthTableView.swift in Sources */ = {isa = PBXBuildFile; fileRef = BBA6AD542EB5B5CC00BDA924 /* GrowthTableView.swift */; };
		BBA6AD572EB5C49100BDA924 /* GrowthDataFetcher.swift in Sources */ = {isa = PBXBuildFile; fileRef = BBA6AD562EB5C48C00BDA924 /* GrowthDataFetcher.swift */; };
		BBA6AD5B2EB5CC3600BDA924 /* VitalsTableView.swift in Sources */ = {isa = PBXBuildFile; fileRef = BBA6AD5A2EB5CC3100BDA924 /* VitalsTableView.swift */; };
		BBA6AD5D2EB5F6BB00BDA924 /* GrowthChartView.swift in Sources */ = {isa = PBXBuildFile; fileRef = BBA6AD5C2EB5F6B600BDA924 /* GrowthChartView.swift */; };
		BBCEA8502EB32B57009A9386 /* ClinicianStore.swift in Sources */ = {isa = PBXBuildFile; fileRef = BBCEA84F2EB32B4C009A9386 /* ClinicianStore.swift */; };
		BBE1E2A92EC58389004C6280 /* PerinatalStore.swift in Sources */ = {isa = PBXBuildFile; fileRef = BBE1E2A82EC58383004C6280 /* PerinatalStore.swift */; };
		BBE1E2AB2EC5CAF7004C6280 /* PerinatalHistoryForm.swift in Sources */ = {isa = PBXBuildFile; fileRef = BBE1E2AA2EC5CAF2004C6280 /* PerinatalHistoryForm.swift */; };
		BBE216B82ECF344D00D4C281 /* WellVisitStore.swift in Sources */ = {isa = PBXBuildFile; fileRef = BBE216B72ECF344600D4C281 /* WellVisitStore.swift */; };
		BBE216BA2ECF4A9C00D4C281 /* WellVisitForm.swift in Sources */ = {isa = PBXBuildFile; fileRef = BBE216B92ECF4A9700D4C281 /* WellVisitForm.swift */; };
/* End PBXBuildFile section */

/* Begin PBXFileReference section */
		BB01DB702ECB542C00F412D8 /* OpenAIProvider.swift */ = {isa = PBXFileReference; lastKnownFileType = sourcecode.swift; path = OpenAIProvider.swift; sourceTree = "<group>"; };
		BB3E15A22EB71C5A008E1472 /* ReportBuilder.swift */ = {isa = PBXFileReference; lastKnownFileType = sourcecode.swift; path = ReportBuilder.swift; sourceTree = "<group>"; };
		BB3E15A92EB74899008E1472 /* GoldenDB.swift */ = {isa = PBXFileReference; lastKnownFileType = sourcecode.swift; path = GoldenDB.swift; sourceTree = "<group>"; };
		BB3E15AD2EB89901008E1472 /* ReportDataLoader.swift */ = {isa = PBXFileReference; lastKnownFileType = sourcecode.swift; path = ReportDataLoader.swift; sourceTree = "<group>"; };
		BB3E15AF2EB89913008E1472 /* ReportDataModels.swift */ = {isa = PBXFileReference; lastKnownFileType = sourcecode.swift; path = ReportDataModels.swift; sourceTree = "<group>"; };
		BB54973C2EACAB41009F314A /* DrsMainApp.app */ = {isa = PBXFileReference; explicitFileType = wrapper.application; includeInIndex = 0; path = DrsMainApp.app; sourceTree = BUILT_PRODUCTS_DIR; };
		BB564AD92EADC30A00870007 /* ContentView.swift */ = {isa = PBXFileReference; lastKnownFileType = sourcecode.swift; path = ContentView.swift; sourceTree = "<group>"; };
		BB564ADB2EADC30A00870007 /* DrsMainAppApp.swift */ = {isa = PBXFileReference; lastKnownFileType = sourcecode.swift; path = DrsMainAppApp.swift; sourceTree = "<group>"; };
		BB564AF22EAE0D6800870007 /* AppState.swift */ = {isa = PBXFileReference; lastKnownFileType = sourcecode.swift; path = AppState.swift; sourceTree = "<group>"; };
		BB564AF32EAE0DC500870007 /* SidebarView.swift */ = {isa = PBXFileReference; lastKnownFileType = sourcecode.swift; path = SidebarView.swift; sourceTree = "<group>"; };
		BB564AF62EAE5EF000870007 /* SchemaInitializer.swift */ = {isa = PBXFileReference; lastKnownFileType = sourcecode.swift; path = SchemaInitializer.swift; sourceTree = "<group>"; };
		BB564AF82EAE5F7100870007 /* NewPatientSheet.swift */ = {isa = PBXFileReference; lastKnownFileType = sourcecode.swift; path = NewPatientSheet.swift; sourceTree = "<group>"; };
		BB564AFA2EAF1A1200870007 /* FilePicker.swift */ = {isa = PBXFileReference; lastKnownFileType = sourcecode.swift; path = FilePicker.swift; sourceTree = "<group>"; };
		BB564AFC2EAF1F5800870007 /* BundleDetailView.swift */ = {isa = PBXFileReference; lastKnownFileType = sourcecode.swift; path = BundleDetailView.swift; sourceTree = "<group>"; };
		BB564AFE2EAF25EA00870007 /* PatientsListView.swift */ = {isa = PBXFileReference; lastKnownFileType = sourcecode.swift; path = PatientsListView.swift; sourceTree = "<group>"; };
		BB564B002EAF3C5D00870007 /* PatientDetailView.swift */ = {isa = PBXFileReference; lastKnownFileType = sourcecode.swift; path = PatientDetailView.swift; sourceTree = "<group>"; };
		BB654B1C2EB4619400FDAA71 /* DocumentListView.swift */ = {isa = PBXFileReference; lastKnownFileType = sourcecode.swift; path = DocumentListView.swift; sourceTree = "<group>"; };
		BB6D4C052EB486980065EF3E /* AliasGenerator.swift */ = {isa = PBXFileReference; lastKnownFileType = sourcecode.swift; path = AliasGenerator.swift; sourceTree = "<group>"; };
		BB6D4C072EB486F50065EF3E /* MRNGenerator.swift */ = {isa = PBXFileReference; lastKnownFileType = sourcecode.swift; path = MRNGenerator.swift; sourceTree = "<group>"; };
		BB6E2F822EC858600044F225 /* VitalsStore.swift */ = {isa = PBXFileReference; lastKnownFileType = sourcecode.swift; path = VitalsStore.swift; sourceTree = "<group>"; };
		BB6E2F842EC866470044F225 /* VitalsRanges.swift */ = {isa = PBXFileReference; lastKnownFileType = sourcecode.swift; path = VitalsRanges.swift; sourceTree = "<group>"; };
		BB6E2F8C2EC872250044F225 /* VitalsBP.swift */ = {isa = PBXFileReference; lastKnownFileType = sourcecode.swift; path = VitalsBP.swift; sourceTree = "<group>"; };
		BB9186842EC6E29800A8AA8A /* PmhStore.swift */ = {isa = PBXFileReference; lastKnownFileType = sourcecode.swift; path = PmhStore.swift; sourceTree = "<group>"; };
		BB9186862EC6E9E900A8AA8A /* PmhForm.swift */ = {isa = PBXFileReference; lastKnownFileType = sourcecode.swift; path = PmhForm.swift; sourceTree = "<group>"; };
		BB9186882EC6F48A00A8AA8A /* VaccinationStatusForm.swift */ = {isa = PBXFileReference; lastKnownFileType = sourcecode.swift; path = VaccinationStatusForm.swift; sourceTree = "<group>"; };
		BB91868A2EC707EF00A8AA8A /* EpisodeStore.swift */ = {isa = PBXFileReference; lastKnownFileType = sourcecode.swift; path = EpisodeStore.swift; sourceTree = "<group>"; };
		BB91868C2EC7141500A8AA8A /* SickEpisodeForm.swift */ = {isa = PBXFileReference; lastKnownFileType = sourcecode.swift; path = SickEpisodeForm.swift; sourceTree = "<group>"; };
		BB96A56A2EBB330D003F5C44 /* GrowthModels.swift */ = {isa = PBXFileReference; lastKnownFileType = sourcecode.swift; path = GrowthModels.swift; sourceTree = "<group>"; };
		BB96A56C2EBB332E003F5C44 /* GrowthWHO.swift */ = {isa = PBXFileReference; lastKnownFileType = sourcecode.swift; path = GrowthWHO.swift; sourceTree = "<group>"; };
		BB96A56E2EBB3350003F5C44 /* GrowthChartRenderer.swift */ = {isa = PBXFileReference; lastKnownFileType = sourcecode.swift; path = GrowthChartRenderer.swift; sourceTree = "<group>"; };
		BB96A5722EBB3A28003F5C44 /* ReportGrowthRenderer.swift */ = {isa = PBXFileReference; lastKnownFileType = sourcecode.swift; path = ReportGrowthRenderer.swift; sourceTree = "<group>"; };
		BB9E727F2EAD10E800601148 /* DrsMainApp.xcodeproj */ = {isa = PBXFileReference; lastKnownFileType = "wrapper.pb-project"; path = DrsMainApp.xcodeproj; sourceTree = "<group>"; };
		BB9EB0DA2EC0CCF500308D39 /* MacBundleExporter.swift */ = {isa = PBXFileReference; lastKnownFileType = sourcecode.swift; path = MacBundleExporter.swift; sourceTree = "<group>"; };
		BB9EB0DC2EC0D03E00308D39 /* BundleExporter.swift */ = {isa = PBXFileReference; lastKnownFileType = sourcecode.swift; path = BundleExporter.swift; sourceTree = "<group>"; };
		BBA6AD522EB5B48F00BDA924 /* GrowthStore.swift */ = {isa = PBXFileReference; lastKnownFileType = sourcecode.swift; path = GrowthStore.swift; sourceTree = "<group>"; };
		BBA6AD542EB5B5CC00BDA924 /* GrowthTableView.swift */ = {isa = PBXFileReference; lastKnownFileType = sourcecode.swift; path = GrowthTableView.swift; sourceTree = "<group>"; };
		BBA6AD562EB5C48C00BDA924 /* GrowthDataFetcher.swift */ = {isa = PBXFileReference; lastKnownFileType = sourcecode.swift; path = GrowthDataFetcher.swift; sourceTree = "<group>"; };
		BBA6AD5A2EB5CC3100BDA924 /* VitalsTableView.swift */ = {isa = PBXFileReference; lastKnownFileType = sourcecode.swift; path = VitalsTableView.swift; sourceTree = "<group>"; };
		BBA6AD5C2EB5F6B600BDA924 /* GrowthChartView.swift */ = {isa = PBXFileReference; lastKnownFileType = sourcecode.swift; path = GrowthChartView.swift; sourceTree = "<group>"; };
		BBCEA84F2EB32B4C009A9386 /* ClinicianStore.swift */ = {isa = PBXFileReference; lastKnownFileType = sourcecode.swift; path = ClinicianStore.swift; sourceTree = "<group>"; };
		BBE1E2A82EC58383004C6280 /* PerinatalStore.swift */ = {isa = PBXFileReference; lastKnownFileType = sourcecode.swift; path = PerinatalStore.swift; sourceTree = "<group>"; };
		BBE1E2AA2EC5CAF2004C6280 /* PerinatalHistoryForm.swift */ = {isa = PBXFileReference; lastKnownFileType = sourcecode.swift; path = PerinatalHistoryForm.swift; sourceTree = "<group>"; };
		BBE216B72ECF344600D4C281 /* WellVisitStore.swift */ = {isa = PBXFileReference; lastKnownFileType = sourcecode.swift; path = WellVisitStore.swift; sourceTree = "<group>"; };
		BBE216B92ECF4A9700D4C281 /* WellVisitForm.swift */ = {isa = PBXFileReference; lastKnownFileType = sourcecode.swift; path = WellVisitForm.swift; sourceTree = "<group>"; };
/* End PBXFileReference section */

/* Begin PBXFileSystemSynchronizedRootGroup section */
		BB3E158F2EB704A5008E1472 /* Resources */ = {
			isa = PBXFileSystemSynchronizedRootGroup;
			path = Resources;
			sourceTree = "<group>";
		};
		BB3E159D2EB7058E008E1472 /* WHO */ = {
			isa = PBXFileSystemSynchronizedRootGroup;
			path = WHO;
			sourceTree = "<group>";
		};
		BB54973E2EACAB41009F314A /* DrsMainApp */ = {
			isa = PBXFileSystemSynchronizedRootGroup;
			path = DrsMainApp;
			sourceTree = "<group>";
		};
/* End PBXFileSystemSynchronizedRootGroup section */

/* Begin PBXFrameworksBuildPhase section */
		BB5497392EACAB41009F314A /* Frameworks */ = {
			isa = PBXFrameworksBuildPhase;
			buildActionMask = 2147483647;
			files = (
				BB26FA262EC1EF9600EB3280 /* PediaShared in Frameworks */,
				BB26FA292EC1EFE700EB3280 /* PediaShared in Frameworks */,
				BB9E72BD2EAD1A1C00601148 /* PediaShared in Frameworks */,
				BB26FA232EC1ED8E00EB3280 /* ZIPFoundation in Frameworks */,
			);
			runOnlyForDeploymentPostprocessing = 0;
		};
/* End PBXFrameworksBuildPhase section */

/* Begin PBXGroup section */
		BB01DB6F2ECB53B500F412D8 /* AI */ = {
			isa = PBXGroup;
			children = (
				BB01DB702ECB542C00F412D8 /* OpenAIProvider.swift */,
			);
			path = AI;
			sourceTree = "<group>";
		};
		BB3E15A12EB71C36008E1472 /* Reports */ = {
			isa = PBXGroup;
			children = (
				BB96A5722EBB3A28003F5C44 /* ReportGrowthRenderer.swift */,
				BB3E15AF2EB89913008E1472 /* ReportDataModels.swift */,
				BB3E15AD2EB89901008E1472 /* ReportDataLoader.swift */,
				BB3E15A22EB71C5A008E1472 /* ReportBuilder.swift */,
			);
			path = Reports;
			sourceTree = "<group>";
		};
		BB5497332EACAB41009F314A = {
			isa = PBXGroup;
			children = (
				BB3E158F2EB704A5008E1472 /* Resources */,
				BB564AF12EAE0BB900870007 /* Sources */,
				BB54973E2EACAB41009F314A /* DrsMainApp */,
				BB54973D2EACAB41009F314A /* Products */,
				BB9E727F2EAD10E800601148 /* DrsMainApp.xcodeproj */,
				BB9E72BB2EAD17A700601148 /* Frameworks */,
			);
			sourceTree = "<group>";
		};
		BB54973D2EACAB41009F314A /* Products */ = {
			isa = PBXGroup;
			children = (
				BB54973C2EACAB41009F314A /* DrsMainApp.app */,
			);
			name = Products;
			sourceTree = "<group>";
		};
		BB564ADF2EADC30A00870007 /* Products */ = {
			isa = PBXGroup;
			name = Products;
			sourceTree = "<group>";
		};
		BB564AED2EAE0BB900870007 /* App */ = {
			isa = PBXGroup;
			children = (
				BBE216B72ECF344600D4C281 /* WellVisitStore.swift */,
				BB6E2F822EC858600044F225 /* VitalsStore.swift */,
				BB91868A2EC707EF00A8AA8A /* EpisodeStore.swift */,
				BB9186842EC6E29800A8AA8A /* PmhStore.swift */,
				BBE1E2A82EC58383004C6280 /* PerinatalStore.swift */,
				BBA6AD522EB5B48F00BDA924 /* GrowthStore.swift */,
				BBCEA84F2EB32B4C009A9386 /* ClinicianStore.swift */,
				BB564ADB2EADC30A00870007 /* DrsMainAppApp.swift */,
				BB564AD92EADC30A00870007 /* ContentView.swift */,
				BB564AF22EAE0D6800870007 /* AppState.swift */,
			);
			path = App;
			sourceTree = "<group>";
		};
		BB564AEE2EAE0BB900870007 /* Data */ = {
			isa = PBXGroup;
			children = (
				BB3E15A92EB74899008E1472 /* GoldenDB.swift */,
				BB564AF62EAE5EF000870007 /* SchemaInitializer.swift */,
			);
			path = Data;
			sourceTree = "<group>";
		};
		BB564AEF2EAE0BB900870007 /* UI */ = {
			isa = PBXGroup;
			children = (
				BBE216B92ECF4A9700D4C281 /* WellVisitForm.swift */,
				BB91868C2EC7141500A8AA8A /* SickEpisodeForm.swift */,
				BB9186882EC6F48A00A8AA8A /* VaccinationStatusForm.swift */,
				BB9186862EC6E9E900A8AA8A /* PmhForm.swift */,
				BBE1E2AA2EC5CAF2004C6280 /* PerinatalHistoryForm.swift */,
				BBA6AD5C2EB5F6B600BDA924 /* GrowthChartView.swift */,
				BBA6AD5A2EB5CC3100BDA924 /* VitalsTableView.swift */,
				BBA6AD542EB5B5CC00BDA924 /* GrowthTableView.swift */,
				BB654B1C2EB4619400FDAA71 /* DocumentListView.swift */,
				BB564B002EAF3C5D00870007 /* PatientDetailView.swift */,
				BB564AFE2EAF25EA00870007 /* PatientsListView.swift */,
				BB564AFC2EAF1F5800870007 /* BundleDetailView.swift */,
				BB564AFA2EAF1A1200870007 /* FilePicker.swift */,
				BB564AF82EAE5F7100870007 /* NewPatientSheet.swift */,
				BB564AF32EAE0DC500870007 /* SidebarView.swift */,
			);
			path = UI;
			sourceTree = "<group>";
		};
		BB564AF02EAE0BB900870007 /* Util */ = {
			isa = PBXGroup;
			children = (
				BB6E2F8C2EC872250044F225 /* VitalsBP.swift */,
				BB6E2F842EC866470044F225 /* VitalsRanges.swift */,
				BB3E159D2EB7058E008E1472 /* WHO */,
				BBA6AD562EB5C48C00BDA924 /* GrowthDataFetcher.swift */,
				BB6D4C072EB486F50065EF3E /* MRNGenerator.swift */,
				BB6D4C052EB486980065EF3E /* AliasGenerator.swift */,
			);
			path = Util;
			sourceTree = "<group>";
		};
		BB564AF12EAE0BB900870007 /* Sources */ = {
			isa = PBXGroup;
			children = (
				BB01DB6F2ECB53B500F412D8 /* AI */,
				BB564AF02EAE0BB900870007 /* Util */,
				BB9EB0D92EC0CCE300308D39 /* Export */,
				BB96A5692EBB32F0003F5C44 /* Growth */,
				BB3E15A12EB71C36008E1472 /* Reports */,
				BB564AED2EAE0BB900870007 /* App */,
				BB564AEE2EAE0BB900870007 /* Data */,
				BB564AEF2EAE0BB900870007 /* UI */,
			);
			path = Sources;
			sourceTree = "<group>";
		};
		BB96A5692EBB32F0003F5C44 /* Growth */ = {
			isa = PBXGroup;
			children = (
				BB96A56E2EBB3350003F5C44 /* GrowthChartRenderer.swift */,
				BB96A56C2EBB332E003F5C44 /* GrowthWHO.swift */,
				BB96A56A2EBB330D003F5C44 /* GrowthModels.swift */,
			);
			path = Growth;
			sourceTree = "<group>";
		};
		BB9E72BB2EAD17A700601148 /* Frameworks */ = {
			isa = PBXGroup;
			children = (
			);
			name = Frameworks;
			sourceTree = "<group>";
		};
		BB9EB0D92EC0CCE300308D39 /* Export */ = {
			isa = PBXGroup;
			children = (
				BB9EB0DC2EC0D03E00308D39 /* BundleExporter.swift */,
				BB9EB0DA2EC0CCF500308D39 /* MacBundleExporter.swift */,
			);
			path = Export;
			sourceTree = "<group>";
		};
/* End PBXGroup section */

/* Begin PBXNativeTarget section */
		BB54973B2EACAB41009F314A /* DrsMainApp */ = {
			isa = PBXNativeTarget;
			buildConfigurationList = BB5497482EACAB42009F314A /* Build configuration list for PBXNativeTarget "DrsMainApp" */;
			buildPhases = (
				BB5497382EACAB41009F314A /* Sources */,
				BB5497392EACAB41009F314A /* Frameworks */,
				BB54973A2EACAB41009F314A /* Resources */,
			);
			buildRules = (
			);
			dependencies = (
			);
			fileSystemSynchronizedGroups = (
				BB3E158F2EB704A5008E1472 /* Resources */,
				BB3E159D2EB7058E008E1472 /* WHO */,
				BB54973E2EACAB41009F314A /* DrsMainApp */,
			);
			name = DrsMainApp;
			packageProductDependencies = (
				BB9E72BC2EAD1A1C00601148 /* PediaShared */,
				BB26FA222EC1ED8E00EB3280 /* ZIPFoundation */,
				BB26FA252EC1EF9600EB3280 /* PediaShared */,
				BB26FA282EC1EFE700EB3280 /* PediaShared */,
			);
			productName = DrsMainApp;
			productReference = BB54973C2EACAB41009F314A /* DrsMainApp.app */;
			productType = "com.apple.product-type.application";
		};
/* End PBXNativeTarget section */

/* Begin PBXProject section */
		BB5497342EACAB41009F314A /* Project object */ = {
			isa = PBXProject;
			attributes = {
				BuildIndependentTargetsInParallel = 1;
				LastSwiftUpdateCheck = 1640;
				LastUpgradeCheck = 1640;
				TargetAttributes = {
					BB54973B2EACAB41009F314A = {
						CreatedOnToolsVersion = 16.4;
					};
				};
			};
			buildConfigurationList = BB5497372EACAB41009F314A /* Build configuration list for PBXProject "DrsMainApp" */;
			developmentRegion = en;
			hasScannedForEncodings = 0;
			knownRegions = (
				en,
				Base,
			);
			mainGroup = BB5497332EACAB41009F314A;
			minimizedProjectReferenceProxies = 1;
			packageReferences = (
				BB26FA212EC1ED8E00EB3280 /* XCRemoteSwiftPackageReference "ZIPFoundation" */,
				BB26FA272EC1EFE700EB3280 /* XCLocalSwiftPackageReference "../../PediaShared" */,
			);
			preferredProjectObjectVersion = 77;
			productRefGroup = BB54973D2EACAB41009F314A /* Products */;
			projectDirPath = "";
			projectReferences = (
				{
					ProductGroup = BB564ADF2EADC30A00870007 /* Products */;
					ProjectRef = BB9E727F2EAD10E800601148 /* DrsMainApp.xcodeproj */;
				},
			);
			projectRoot = "";
			targets = (
				BB54973B2EACAB41009F314A /* DrsMainApp */,
			);
		};
/* End PBXProject section */

/* Begin PBXResourcesBuildPhase section */
		BB54973A2EACAB41009F314A /* Resources */ = {
			isa = PBXResourcesBuildPhase;
			buildActionMask = 2147483647;
			files = (
			);
			runOnlyForDeploymentPostprocessing = 0;
		};
/* End PBXResourcesBuildPhase section */

/* Begin PBXSourcesBuildPhase section */
		BB5497382EACAB41009F314A /* Sources */ = {
			isa = PBXSourcesBuildPhase;
			buildActionMask = 2147483647;
			files = (
				BB564AF92EAE5F7600870007 /* NewPatientSheet.swift in Sources */,
				BB564AFF2EAF25EF00870007 /* PatientsListView.swift in Sources */,
				BB3E15AA2EB7489D008E1472 /* GoldenDB.swift in Sources */,
				BB91868D2EC7141800A8AA8A /* SickEpisodeForm.swift in Sources */,
				BB01DB712ECB543100F412D8 /* OpenAIProvider.swift in Sources */,
				BBA6AD5B2EB5CC3600BDA924 /* VitalsTableView.swift in Sources */,
				BBCEA8502EB32B57009A9386 /* ClinicianStore.swift in Sources */,
				BB3E15AE2EB89905008E1472 /* ReportDataLoader.swift in Sources */,
				BB654B1D2EB4619900FDAA71 /* DocumentListView.swift in Sources */,
				BBE216B82ECF344D00D4C281 /* WellVisitStore.swift in Sources */,
				BB9186872EC6E9F100A8AA8A /* PmhForm.swift in Sources */,
				BBE1E2A92EC58389004C6280 /* PerinatalStore.swift in Sources */,
				BB6D4C062EB486A70065EF3E /* AliasGenerator.swift in Sources */,
				BB96A56F2EBB3355003F5C44 /* GrowthChartRenderer.swift in Sources */,
				BB6E2F832EC858650044F225 /* VitalsStore.swift in Sources */,
				BB564AFD2EAF1F6100870007 /* BundleDetailView.swift in Sources */,
				BB564AF42EAE15AE00870007 /* AppState.swift in Sources */,
				BB96A56B2EBB3311003F5C44 /* GrowthModels.swift in Sources */,
				BB3E15B02EB89917008E1472 /* ReportDataModels.swift in Sources */,
				BBA6AD532EB5B49E00BDA924 /* GrowthStore.swift in Sources */,
				BB9186892EC6F48F00A8AA8A /* VaccinationStatusForm.swift in Sources */,
				BB9EB0DB2EC0CD0100308D39 /* MacBundleExporter.swift in Sources */,
				BB91868B2EC707F300A8AA8A /* EpisodeStore.swift in Sources */,
				BB9EB0DD2EC0D05200308D39 /* BundleExporter.swift in Sources */,
				BB564AF72EAE5EF900870007 /* SchemaInitializer.swift in Sources */,
				BB564AF52EAE15CC00870007 /* SidebarView.swift in Sources */,
				BB96A56D2EBB3334003F5C44 /* GrowthWHO.swift in Sources */,
				BB6D4C082EB487170065EF3E /* MRNGenerator.swift in Sources */,
				BB564ADC2EADC30A00870007 /* ContentView.swift in Sources */,
				BB6E2F852EC8665C0044F225 /* VitalsRanges.swift in Sources */,
				BB3E15A32EB71C63008E1472 /* ReportBuilder.swift in Sources */,
				BBA6AD572EB5C49100BDA924 /* GrowthDataFetcher.swift in Sources */,
				BB564ADD2EADC30A00870007 /* DrsMainAppApp.swift in Sources */,
				BB96A5732EBB3A2D003F5C44 /* ReportGrowthRenderer.swift in Sources */,
				BBE1E2AB2EC5CAF7004C6280 /* PerinatalHistoryForm.swift in Sources */,
				BB9186852EC6E29D00A8AA8A /* PmhStore.swift in Sources */,
				BB564AFB2EAF1A2000870007 /* FilePicker.swift in Sources */,
				BBA6AD552EB5B5D900BDA924 /* GrowthTableView.swift in Sources */,
				BBE216BA2ECF4A9C00D4C281 /* WellVisitForm.swift in Sources */,
				BB564B012EAF3C6400870007 /* PatientDetailView.swift in Sources */,
				BB6E2F8D2EC8722A0044F225 /* VitalsBP.swift in Sources */,
				BBA6AD5D2EB5F6BB00BDA924 /* GrowthChartView.swift in Sources */,
			);
			runOnlyForDeploymentPostprocessing = 0;
		};
/* End PBXSourcesBuildPhase section */

/* Begin XCBuildConfiguration section */
		BB5497462EACAB42009F314A /* Debug */ = {
			isa = XCBuildConfiguration;
			buildSettings = {
				ALWAYS_SEARCH_USER_PATHS = NO;
				ASSETCATALOG_COMPILER_GENERATE_SWIFT_ASSET_SYMBOL_EXTENSIONS = YES;
				CLANG_ANALYZER_NONNULL = YES;
				CLANG_ANALYZER_NUMBER_OBJECT_CONVERSION = YES_AGGRESSIVE;
				CLANG_CXX_LANGUAGE_STANDARD = "gnu++20";
				CLANG_ENABLE_MODULES = YES;
				CLANG_ENABLE_OBJC_ARC = YES;
				CLANG_ENABLE_OBJC_WEAK = YES;
				CLANG_WARN_BLOCK_CAPTURE_AUTORELEASING = YES;
				CLANG_WARN_BOOL_CONVERSION = YES;
				CLANG_WARN_COMMA = YES;
				CLANG_WARN_CONSTANT_CONVERSION = YES;
				CLANG_WARN_DEPRECATED_OBJC_IMPLEMENTATIONS = YES;
				CLANG_WARN_DIRECT_OBJC_ISA_USAGE = YES_ERROR;
				CLANG_WARN_DOCUMENTATION_COMMENTS = YES;
				CLANG_WARN_EMPTY_BODY = YES;
				CLANG_WARN_ENUM_CONVERSION = YES;
				CLANG_WARN_INFINITE_RECURSION = YES;
				CLANG_WARN_INT_CONVERSION = YES;
				CLANG_WARN_NON_LITERAL_NULL_CONVERSION = YES;
				CLANG_WARN_OBJC_IMPLICIT_RETAIN_SELF = YES;
				CLANG_WARN_OBJC_LITERAL_CONVERSION = YES;
				CLANG_WARN_OBJC_ROOT_CLASS = YES_ERROR;
				CLANG_WARN_QUOTED_INCLUDE_IN_FRAMEWORK_HEADER = YES;
				CLANG_WARN_RANGE_LOOP_ANALYSIS = YES;
				CLANG_WARN_STRICT_PROTOTYPES = YES;
				CLANG_WARN_SUSPICIOUS_MOVE = YES;
				CLANG_WARN_UNGUARDED_AVAILABILITY = YES_AGGRESSIVE;
				CLANG_WARN_UNREACHABLE_CODE = YES;
				CLANG_WARN__DUPLICATE_METHOD_MATCH = YES;
				COPY_PHASE_STRIP = NO;
				DEBUG_INFORMATION_FORMAT = dwarf;
				DEVELOPMENT_TEAM = 6Q54BDS5LK;
				ENABLE_STRICT_OBJC_MSGSEND = YES;
				ENABLE_TESTABILITY = YES;
				ENABLE_USER_SCRIPT_SANDBOXING = YES;
				GCC_C_LANGUAGE_STANDARD = gnu17;
				GCC_DYNAMIC_NO_PIC = NO;
				GCC_NO_COMMON_BLOCKS = YES;
				GCC_OPTIMIZATION_LEVEL = 0;
				GCC_PREPROCESSOR_DEFINITIONS = (
					"DEBUG=1",
					"$(inherited)",
				);
				GCC_WARN_64_TO_32_BIT_CONVERSION = YES;
				GCC_WARN_ABOUT_RETURN_TYPE = YES_ERROR;
				GCC_WARN_UNDECLARED_SELECTOR = YES;
				GCC_WARN_UNINITIALIZED_AUTOS = YES_AGGRESSIVE;
				GCC_WARN_UNUSED_FUNCTION = YES;
				GCC_WARN_UNUSED_VARIABLE = YES;
				LOCALIZATION_PREFERS_STRING_CATALOGS = YES;
				MACOSX_DEPLOYMENT_TARGET = 15.5;
				MTL_ENABLE_DEBUG_INFO = INCLUDE_SOURCE;
				MTL_FAST_MATH = YES;
				ONLY_ACTIVE_ARCH = YES;
				SDKROOT = macosx;
				SWIFT_ACTIVE_COMPILATION_CONDITIONS = "DEBUG $(inherited)";
				SWIFT_OPTIMIZATION_LEVEL = "-Onone";
			};
			name = Debug;
		};
		BB5497472EACAB42009F314A /* Release */ = {
			isa = XCBuildConfiguration;
			buildSettings = {
				ALWAYS_SEARCH_USER_PATHS = NO;
				ASSETCATALOG_COMPILER_GENERATE_SWIFT_ASSET_SYMBOL_EXTENSIONS = YES;
				CLANG_ANALYZER_NONNULL = YES;
				CLANG_ANALYZER_NUMBER_OBJECT_CONVERSION = YES_AGGRESSIVE;
				CLANG_CXX_LANGUAGE_STANDARD = "gnu++20";
				CLANG_ENABLE_MODULES = YES;
				CLANG_ENABLE_OBJC_ARC = YES;
				CLANG_ENABLE_OBJC_WEAK = YES;
				CLANG_WARN_BLOCK_CAPTURE_AUTORELEASING = YES;
				CLANG_WARN_BOOL_CONVERSION = YES;
				CLANG_WARN_COMMA = YES;
				CLANG_WARN_CONSTANT_CONVERSION = YES;
				CLANG_WARN_DEPRECATED_OBJC_IMPLEMENTATIONS = YES;
				CLANG_WARN_DIRECT_OBJC_ISA_USAGE = YES_ERROR;
				CLANG_WARN_DOCUMENTATION_COMMENTS = YES;
				CLANG_WARN_EMPTY_BODY = YES;
				CLANG_WARN_ENUM_CONVERSION = YES;
				CLANG_WARN_INFINITE_RECURSION = YES;
				CLANG_WARN_INT_CONVERSION = YES;
				CLANG_WARN_NON_LITERAL_NULL_CONVERSION = YES;
				CLANG_WARN_OBJC_IMPLICIT_RETAIN_SELF = YES;
				CLANG_WARN_OBJC_LITERAL_CONVERSION = YES;
				CLANG_WARN_OBJC_ROOT_CLASS = YES_ERROR;
				CLANG_WARN_QUOTED_INCLUDE_IN_FRAMEWORK_HEADER = YES;
				CLANG_WARN_RANGE_LOOP_ANALYSIS = YES;
				CLANG_WARN_STRICT_PROTOTYPES = YES;
				CLANG_WARN_SUSPICIOUS_MOVE = YES;
				CLANG_WARN_UNGUARDED_AVAILABILITY = YES_AGGRESSIVE;
				CLANG_WARN_UNREACHABLE_CODE = YES;
				CLANG_WARN__DUPLICATE_METHOD_MATCH = YES;
				COPY_PHASE_STRIP = NO;
				DEBUG_INFORMATION_FORMAT = "dwarf-with-dsym";
				DEVELOPMENT_TEAM = 6Q54BDS5LK;
				ENABLE_NS_ASSERTIONS = NO;
				ENABLE_STRICT_OBJC_MSGSEND = YES;
				ENABLE_USER_SCRIPT_SANDBOXING = YES;
				GCC_C_LANGUAGE_STANDARD = gnu17;
				GCC_NO_COMMON_BLOCKS = YES;
				GCC_WARN_64_TO_32_BIT_CONVERSION = YES;
				GCC_WARN_ABOUT_RETURN_TYPE = YES_ERROR;
				GCC_WARN_UNDECLARED_SELECTOR = YES;
				GCC_WARN_UNINITIALIZED_AUTOS = YES_AGGRESSIVE;
				GCC_WARN_UNUSED_FUNCTION = YES;
				GCC_WARN_UNUSED_VARIABLE = YES;
				LOCALIZATION_PREFERS_STRING_CATALOGS = YES;
				MACOSX_DEPLOYMENT_TARGET = 15.5;
				MTL_ENABLE_DEBUG_INFO = NO;
				MTL_FAST_MATH = YES;
				SDKROOT = macosx;
				SWIFT_COMPILATION_MODE = wholemodule;
			};
			name = Release;
		};
		BB5497492EACAB42009F314A /* Debug */ = {
			isa = XCBuildConfiguration;
			buildSettings = {
				ASSETCATALOG_COMPILER_APPICON_NAME = AppIcon;
				ASSETCATALOG_COMPILER_GLOBAL_ACCENT_COLOR_NAME = AccentColor;
				CODE_SIGN_ENTITLEMENTS = DrsMainApp/DrsMainApp.entitlements;
				CODE_SIGN_STYLE = Automatic;
				COMBINE_HIDPI_IMAGES = YES;
				CURRENT_PROJECT_VERSION = 1;
				DEVELOPMENT_TEAM = 6Q54BDS5LK;
				ENABLE_APP_SANDBOX = YES;
				ENABLE_HARDENED_RUNTIME = YES;
				ENABLE_INCOMING_NETWORK_CONNECTIONS = YES;
				ENABLE_OUTGOING_NETWORK_CONNECTIONS = YES;
				ENABLE_PREVIEWS = YES;
				ENABLE_RESOURCE_ACCESS_AUDIO_INPUT = NO;
				ENABLE_RESOURCE_ACCESS_BLUETOOTH = NO;
				ENABLE_RESOURCE_ACCESS_CALENDARS = NO;
				ENABLE_RESOURCE_ACCESS_CAMERA = NO;
				ENABLE_RESOURCE_ACCESS_CONTACTS = NO;
				ENABLE_RESOURCE_ACCESS_LOCATION = NO;
				ENABLE_RESOURCE_ACCESS_PRINTING = NO;
				ENABLE_RESOURCE_ACCESS_USB = NO;
				GENERATE_INFOPLIST_FILE = YES;
				INFOPLIST_KEY_NSHumanReadableCopyright = "";
				LD_RUNPATH_SEARCH_PATHS = (
					"$(inherited)",
					"@executable_path/../Frameworks",
				);
				MARKETING_VERSION = 1.0;
				PRODUCT_BUNDLE_IDENTIFIER = Yunastic.DrsMainApp;
				PRODUCT_NAME = "$(TARGET_NAME)";
				REGISTER_APP_GROUPS = YES;
				SWIFT_EMIT_LOC_STRINGS = YES;
				SWIFT_VERSION = 5.0;
			};
			name = Debug;
		};
		BB54974A2EACAB42009F314A /* Release */ = {
			isa = XCBuildConfiguration;
			buildSettings = {
				ASSETCATALOG_COMPILER_APPICON_NAME = AppIcon;
				ASSETCATALOG_COMPILER_GLOBAL_ACCENT_COLOR_NAME = AccentColor;
				CODE_SIGN_ENTITLEMENTS = DrsMainApp/DrsMainApp.entitlements;
				CODE_SIGN_STYLE = Automatic;
				COMBINE_HIDPI_IMAGES = YES;
				CURRENT_PROJECT_VERSION = 1;
				DEVELOPMENT_TEAM = 6Q54BDS5LK;
				ENABLE_APP_SANDBOX = YES;
				ENABLE_HARDENED_RUNTIME = YES;
				ENABLE_INCOMING_NETWORK_CONNECTIONS = YES;
				ENABLE_OUTGOING_NETWORK_CONNECTIONS = YES;
				ENABLE_PREVIEWS = YES;
				ENABLE_RESOURCE_ACCESS_AUDIO_INPUT = NO;
				ENABLE_RESOURCE_ACCESS_BLUETOOTH = NO;
				ENABLE_RESOURCE_ACCESS_CALENDARS = NO;
				ENABLE_RESOURCE_ACCESS_CAMERA = NO;
				ENABLE_RESOURCE_ACCESS_CONTACTS = NO;
				ENABLE_RESOURCE_ACCESS_LOCATION = NO;
				ENABLE_RESOURCE_ACCESS_PRINTING = NO;
				ENABLE_RESOURCE_ACCESS_USB = NO;
				GENERATE_INFOPLIST_FILE = YES;
				INFOPLIST_KEY_NSHumanReadableCopyright = "";
				LD_RUNPATH_SEARCH_PATHS = (
					"$(inherited)",
					"@executable_path/../Frameworks",
				);
				MARKETING_VERSION = 1.0;
				PRODUCT_BUNDLE_IDENTIFIER = Yunastic.DrsMainApp;
				PRODUCT_NAME = "$(TARGET_NAME)";
				REGISTER_APP_GROUPS = YES;
				SWIFT_EMIT_LOC_STRINGS = YES;
				SWIFT_VERSION = 5.0;
			};
			name = Release;
		};
/* End XCBuildConfiguration section */

/* Begin XCConfigurationList section */
		BB5497372EACAB41009F314A /* Build configuration list for PBXProject "DrsMainApp" */ = {
			isa = XCConfigurationList;
			buildConfigurations = (
				BB5497462EACAB42009F314A /* Debug */,
				BB5497472EACAB42009F314A /* Release */,
			);
			defaultConfigurationIsVisible = 0;
			defaultConfigurationName = Release;
		};
		BB5497482EACAB42009F314A /* Build configuration list for PBXNativeTarget "DrsMainApp" */ = {
			isa = XCConfigurationList;
			buildConfigurations = (
				BB5497492EACAB42009F314A /* Debug */,
				BB54974A2EACAB42009F314A /* Release */,
			);
			defaultConfigurationIsVisible = 0;
			defaultConfigurationName = Release;
		};
/* End XCConfigurationList section */

/* Begin XCLocalSwiftPackageReference section */
		BB26FA272EC1EFE700EB3280 /* XCLocalSwiftPackageReference "../../PediaShared" */ = {
			isa = XCLocalSwiftPackageReference;
			relativePath = ../../PediaShared;
		};
/* End XCLocalSwiftPackageReference section */

/* Begin XCRemoteSwiftPackageReference section */
		BB26FA212EC1ED8E00EB3280 /* XCRemoteSwiftPackageReference "ZIPFoundation" */ = {
			isa = XCRemoteSwiftPackageReference;
			repositoryURL = "https://github.com/weichsel/ZIPFoundation.git";
			requirement = {
				kind = upToNextMajorVersion;
				minimumVersion = 0.9.20;
			};
		};
/* End XCRemoteSwiftPackageReference section */

/* Begin XCSwiftPackageProductDependency section */
		BB26FA222EC1ED8E00EB3280 /* ZIPFoundation */ = {
			isa = XCSwiftPackageProductDependency;
			package = BB26FA212EC1ED8E00EB3280 /* XCRemoteSwiftPackageReference "ZIPFoundation" */;
			productName = ZIPFoundation;
		};
		BB26FA252EC1EF9600EB3280 /* PediaShared */ = {
			isa = XCSwiftPackageProductDependency;
			productName = PediaShared;
		};
		BB26FA282EC1EFE700EB3280 /* PediaShared */ = {
			isa = XCSwiftPackageProductDependency;
			productName = PediaShared;
		};
		BB9E72BC2EAD1A1C00601148 /* PediaShared */ = {
			isa = XCSwiftPackageProductDependency;
			productName = PediaShared;
		};
/* End XCSwiftPackageProductDependency section */
	};
	rootObject = BB5497342EACAB41009F314A /* Project object */;
}
