// !$*UTF8*$!
{
	archiveVersion = 1;
	classes = {
	};
	objectVersion = 77;
	objects = {

/* Begin PBXBuildFile section */
		BB564AF42EAE15AE00870007 /* AppState.swift in Sources */ = {isa = PBXBuildFile; fileRef = BB564AF22EAE0D6800870007 /* AppState.swift */; };
		BB564AF52EAE15CC00870007 /* SidebarView.swift in Sources */ = {isa = PBXBuildFile; fileRef = BB564AF32EAE0DC500870007 /* SidebarView.swift */; };
		BB564AF72EAE5EF900870007 /* SchemaInitializer.swift in Sources */ = {isa = PBXBuildFile; fileRef = BB564AF62EAE5EF000870007 /* SchemaInitializer.swift */; };
		BB564AF92EAE5F7600870007 /* NewPatientSheet.swift in Sources */ = {isa = PBXBuildFile; fileRef = BB564AF82EAE5F7100870007 /* NewPatientSheet.swift */; };
		BB9E72BD2EAD1A1C00601148 /* PediaShared in Frameworks */ = {isa = PBXBuildFile; productRef = BB9E72BC2EAD1A1C00601148 /* PediaShared */; };
/* End PBXBuildFile section */

/* Begin PBXFileReference section */
		BB54973C2EACAB41009F314A /* DrsMainApp.app */ = {isa = PBXFileReference; explicitFileType = wrapper.application; includeInIndex = 0; path = DrsMainApp.app; sourceTree = BUILT_PRODUCTS_DIR; };
		BB564AF22EAE0D6800870007 /* AppState.swift */ = {isa = PBXFileReference; lastKnownFileType = sourcecode.swift; path = AppState.swift; sourceTree = "<group>"; };
		BB564AF32EAE0DC500870007 /* SidebarView.swift */ = {isa = PBXFileReference; lastKnownFileType = sourcecode.swift; path = SidebarView.swift; sourceTree = "<group>"; };
		BB564AF62EAE5EF000870007 /* SchemaInitializer.swift */ = {isa = PBXFileReference; lastKnownFileType = sourcecode.swift; path = SchemaInitializer.swift; sourceTree = "<group>"; };
		BB564AF82EAE5F7100870007 /* NewPatientSheet.swift */ = {isa = PBXFileReference; lastKnownFileType = sourcecode.swift; path = NewPatientSheet.swift; sourceTree = "<group>"; };
		BB9E727F2EAD10E800601148 /* DrsMainApp.xcodeproj */ = {isa = PBXFileReference; lastKnownFileType = "wrapper.pb-project"; path = DrsMainApp.xcodeproj; sourceTree = "<group>"; };
/* End PBXFileReference section */

/* Begin PBXFileSystemSynchronizedRootGroup section */
		BB54973E2EACAB41009F314A /* DrsMainApp */ = {
			isa = PBXFileSystemSynchronizedRootGroup;
			path = DrsMainApp;
			sourceTree = "<group>";
		};
/* End PBXFileSystemSynchronizedRootGroup section */

/* Begin PBXFrameworksBuildPhase section */
		BB5497392EACAB41009F314A /* Frameworks */ = {
			isa = PBXFrameworksBuildPhase;
			buildActionMask = 2147483647;
			files = (
				BB9E72BD2EAD1A1C00601148 /* PediaShared in Frameworks */,
			);
			runOnlyForDeploymentPostprocessing = 0;
		};
/* End PBXFrameworksBuildPhase section */

/* Begin PBXGroup section */
		BB5497332EACAB41009F314A = {
			isa = PBXGroup;
			children = (
				BB564AF12EAE0BB900870007 /* Sources */,
				BB54973E2EACAB41009F314A /* DrsMainApp */,
				BB54973D2EACAB41009F314A /* Products */,
				BB9E727F2EAD10E800601148 /* DrsMainApp.xcodeproj */,
				BB9E72BB2EAD17A700601148 /* Frameworks */,
			);
			sourceTree = "<group>";
		};
		BB54973D2EACAB41009F314A /* Products */ = {
			isa = PBXGroup;
			children = (
				BB54973C2EACAB41009F314A /* DrsMainApp.app */,
			);
			name = Products;
			sourceTree = "<group>";
		};
		BB564ADF2EADC30A00870007 /* Products */ = {
			isa = PBXGroup;
			name = Products;
			sourceTree = "<group>";
		};
		BB564AED2EAE0BB900870007 /* App */ = {
			isa = PBXGroup;
			children = (
				BB564AF22EAE0D6800870007 /* AppState.swift */,
			);
			path = App;
			sourceTree = "<group>";
		};
		BB564AEE2EAE0BB900870007 /* Data */ = {
			isa = PBXGroup;
			children = (
				BB564AF62EAE5EF000870007 /* SchemaInitializer.swift */,
			);
			path = Data;
			sourceTree = "<group>";
		};
		BB564AEF2EAE0BB900870007 /* UI */ = {
			isa = PBXGroup;
			children = (
				BB564AF82EAE5F7100870007 /* NewPatientSheet.swift */,
				BB564AF32EAE0DC500870007 /* SidebarView.swift */,
			);
			path = UI;
			sourceTree = "<group>";
		};
		BB564AF02EAE0BB900870007 /* Util */ = {
			isa = PBXGroup;
			children = (
			);
			path = Util;
			sourceTree = "<group>";
		};
		BB564AF12EAE0BB900870007 /* Sources */ = {
			isa = PBXGroup;
			children = (
				BB564AED2EAE0BB900870007 /* App */,
				BB564AEE2EAE0BB900870007 /* Data */,
				BB564AEF2EAE0BB900870007 /* UI */,
				BB564AF02EAE0BB900870007 /* Util */,
			);
			path = Sources;
			sourceTree = "<group>";
		};
		BB9E72BB2EAD17A700601148 /* Frameworks */ = {
			isa = PBXGroup;
			children = (
			);
			name = Frameworks;
			sourceTree = "<group>";
		};
/* End PBXGroup section */

/* Begin PBXNativeTarget section */
		BB54973B2EACAB41009F314A /* DrsMainApp */ = {
			isa = PBXNativeTarget;
			buildConfigurationList = BB5497482EACAB42009F314A /* Build configuration list for PBXNativeTarget "DrsMainApp" */;
			buildPhases = (
				BB5497382EACAB41009F314A /* Sources */,
				BB5497392EACAB41009F314A /* Frameworks */,
				BB54973A2EACAB41009F314A /* Resources */,
			);
			buildRules = (
			);
			dependencies = (
			);
			fileSystemSynchronizedGroups = (
				BB54973E2EACAB41009F314A /* DrsMainApp */,
			);
			name = DrsMainApp;
			packageProductDependencies = (
				BB9E72BC2EAD1A1C00601148 /* PediaShared */,
			);
			productName = DrsMainApp;
			productReference = BB54973C2EACAB41009F314A /* DrsMainApp.app */;
			productType = "com.apple.product-type.application";
		};
/* End PBXNativeTarget section */

/* Begin PBXProject section */
		BB5497342EACAB41009F314A /* Project object */ = {
			isa = PBXProject;
			attributes = {
				BuildIndependentTargetsInParallel = 1;
				LastSwiftUpdateCheck = 1640;
				LastUpgradeCheck = 1640;
				TargetAttributes = {
					BB54973B2EACAB41009F314A = {
						CreatedOnToolsVersion = 16.4;
					};
				};
			};
			buildConfigurationList = BB5497372EACAB41009F314A /* Build configuration list for PBXProject "DrsMainApp" */;
			developmentRegion = en;
			hasScannedForEncodings = 0;
			knownRegions = (
				en,
				Base,
			);
			mainGroup = BB5497332EACAB41009F314A;
			minimizedProjectReferenceProxies = 1;
			preferredProjectObjectVersion = 77;
			productRefGroup = BB54973D2EACAB41009F314A /* Products */;
			projectDirPath = "";
			projectReferences = (
				{
					ProductGroup = BB564ADF2EADC30A00870007 /* Products */;
					ProjectRef = BB9E727F2EAD10E800601148 /* DrsMainApp.xcodeproj */;
				},
			);
			projectRoot = "";
			targets = (
				BB54973B2EACAB41009F314A /* DrsMainApp */,
			);
		};
/* End PBXProject section */

/* Begin PBXResourcesBuildPhase section */
		BB54973A2EACAB41009F314A /* Resources */ = {
			isa = PBXResourcesBuildPhase;
			buildActionMask = 2147483647;
			files = (
			);
			runOnlyForDeploymentPostprocessing = 0;
		};
/* End PBXResourcesBuildPhase section */

/* Begin PBXSourcesBuildPhase section */
		BB5497382EACAB41009F314A /* Sources */ = {
			isa = PBXSourcesBuildPhase;
			buildActionMask = 2147483647;
			files = (
				BB564AF92EAE5F7600870007 /* NewPatientSheet.swift in Sources */,
				BB564AF42EAE15AE00870007 /* AppState.swift in Sources */,
				BB564AF72EAE5EF900870007 /* SchemaInitializer.swift in Sources */,
				BB564AF52EAE15CC00870007 /* SidebarView.swift in Sources */,
			);
			runOnlyForDeploymentPostprocessing = 0;
		};
/* End PBXSourcesBuildPhase section */

/* Begin XCBuildConfiguration section */
		BB5497462EACAB42009F314A /* Debug */ = {
			isa = XCBuildConfiguration;
			buildSettings = {
				ALWAYS_SEARCH_USER_PATHS = NO;
				ASSETCATALOG_COMPILER_GENERATE_SWIFT_ASSET_SYMBOL_EXTENSIONS = YES;
				CLANG_ANALYZER_NONNULL = YES;
				CLANG_ANALYZER_NUMBER_OBJECT_CONVERSION = YES_AGGRESSIVE;
				CLANG_CXX_LANGUAGE_STANDARD = "gnu++20";
				CLANG_ENABLE_MODULES = YES;
				CLANG_ENABLE_OBJC_ARC = YES;
				CLANG_ENABLE_OBJC_WEAK = YES;
				CLANG_WARN_BLOCK_CAPTURE_AUTORELEASING = YES;
				CLANG_WARN_BOOL_CONVERSION = YES;
				CLANG_WARN_COMMA = YES;
				CLANG_WARN_CONSTANT_CONVERSION = YES;
				CLANG_WARN_DEPRECATED_OBJC_IMPLEMENTATIONS = YES;
				CLANG_WARN_DIRECT_OBJC_ISA_USAGE = YES_ERROR;
				CLANG_WARN_DOCUMENTATION_COMMENTS = YES;
				CLANG_WARN_EMPTY_BODY = YES;
				CLANG_WARN_ENUM_CONVERSION = YES;
				CLANG_WARN_INFINITE_RECURSION = YES;
				CLANG_WARN_INT_CONVERSION = YES;
				CLANG_WARN_NON_LITERAL_NULL_CONVERSION = YES;
				CLANG_WARN_OBJC_IMPLICIT_RETAIN_SELF = YES;
				CLANG_WARN_OBJC_LITERAL_CONVERSION = YES;
				CLANG_WARN_OBJC_ROOT_CLASS = YES_ERROR;
				CLANG_WARN_QUOTED_INCLUDE_IN_FRAMEWORK_HEADER = YES;
				CLANG_WARN_RANGE_LOOP_ANALYSIS = YES;
				CLANG_WARN_STRICT_PROTOTYPES = YES;
				CLANG_WARN_SUSPICIOUS_MOVE = YES;
				CLANG_WARN_UNGUARDED_AVAILABILITY = YES_AGGRESSIVE;
				CLANG_WARN_UNREACHABLE_CODE = YES;
				CLANG_WARN__DUPLICATE_METHOD_MATCH = YES;
				COPY_PHASE_STRIP = NO;
				DEBUG_INFORMATION_FORMAT = dwarf;
				DEVELOPMENT_TEAM = 6Q54BDS5LK;
				ENABLE_STRICT_OBJC_MSGSEND = YES;
				ENABLE_TESTABILITY = YES;
				ENABLE_USER_SCRIPT_SANDBOXING = YES;
				GCC_C_LANGUAGE_STANDARD = gnu17;
				GCC_DYNAMIC_NO_PIC = NO;
				GCC_NO_COMMON_BLOCKS = YES;
				GCC_OPTIMIZATION_LEVEL = 0;
				GCC_PREPROCESSOR_DEFINITIONS = (
					"DEBUG=1",
					"$(inherited)",
				);
				GCC_WARN_64_TO_32_BIT_CONVERSION = YES;
				GCC_WARN_ABOUT_RETURN_TYPE = YES_ERROR;
				GCC_WARN_UNDECLARED_SELECTOR = YES;
				GCC_WARN_UNINITIALIZED_AUTOS = YES_AGGRESSIVE;
				GCC_WARN_UNUSED_FUNCTION = YES;
				GCC_WARN_UNUSED_VARIABLE = YES;
				LOCALIZATION_PREFERS_STRING_CATALOGS = YES;
				MACOSX_DEPLOYMENT_TARGET = 15.5;
				MTL_ENABLE_DEBUG_INFO = INCLUDE_SOURCE;
				MTL_FAST_MATH = YES;
				ONLY_ACTIVE_ARCH = YES;
				SDKROOT = macosx;
				SWIFT_ACTIVE_COMPILATION_CONDITIONS = "DEBUG $(inherited)";
				SWIFT_OPTIMIZATION_LEVEL = "-Onone";
			};
			name = Debug;
		};
		BB5497472EACAB42009F314A /* Release */ = {
			isa = XCBuildConfiguration;
			buildSettings = {
				ALWAYS_SEARCH_USER_PATHS = NO;
				ASSETCATALOG_COMPILER_GENERATE_SWIFT_ASSET_SYMBOL_EXTENSIONS = YES;
				CLANG_ANALYZER_NONNULL = YES;
				CLANG_ANALYZER_NUMBER_OBJECT_CONVERSION = YES_AGGRESSIVE;
				CLANG_CXX_LANGUAGE_STANDARD = "gnu++20";
				CLANG_ENABLE_MODULES = YES;
				CLANG_ENABLE_OBJC_ARC = YES;
				CLANG_ENABLE_OBJC_WEAK = YES;
				CLANG_WARN_BLOCK_CAPTURE_AUTORELEASING = YES;
				CLANG_WARN_BOOL_CONVERSION = YES;
				CLANG_WARN_COMMA = YES;
				CLANG_WARN_CONSTANT_CONVERSION = YES;
				CLANG_WARN_DEPRECATED_OBJC_IMPLEMENTATIONS = YES;
				CLANG_WARN_DIRECT_OBJC_ISA_USAGE = YES_ERROR;
				CLANG_WARN_DOCUMENTATION_COMMENTS = YES;
				CLANG_WARN_EMPTY_BODY = YES;
				CLANG_WARN_ENUM_CONVERSION = YES;
				CLANG_WARN_INFINITE_RECURSION = YES;
				CLANG_WARN_INT_CONVERSION = YES;
				CLANG_WARN_NON_LITERAL_NULL_CONVERSION = YES;
				CLANG_WARN_OBJC_IMPLICIT_RETAIN_SELF = YES;
				CLANG_WARN_OBJC_LITERAL_CONVERSION = YES;
				CLANG_WARN_OBJC_ROOT_CLASS = YES_ERROR;
				CLANG_WARN_QUOTED_INCLUDE_IN_FRAMEWORK_HEADER = YES;
				CLANG_WARN_RANGE_LOOP_ANALYSIS = YES;
				CLANG_WARN_STRICT_PROTOTYPES = YES;
				CLANG_WARN_SUSPICIOUS_MOVE = YES;
				CLANG_WARN_UNGUARDED_AVAILABILITY = YES_AGGRESSIVE;
				CLANG_WARN_UNREACHABLE_CODE = YES;
				CLANG_WARN__DUPLICATE_METHOD_MATCH = YES;
				COPY_PHASE_STRIP = NO;
				DEBUG_INFORMATION_FORMAT = "dwarf-with-dsym";
				DEVELOPMENT_TEAM = 6Q54BDS5LK;
				ENABLE_NS_ASSERTIONS = NO;
				ENABLE_STRICT_OBJC_MSGSEND = YES;
				ENABLE_USER_SCRIPT_SANDBOXING = YES;
				GCC_C_LANGUAGE_STANDARD = gnu17;
				GCC_NO_COMMON_BLOCKS = YES;
				GCC_WARN_64_TO_32_BIT_CONVERSION = YES;
				GCC_WARN_ABOUT_RETURN_TYPE = YES_ERROR;
				GCC_WARN_UNDECLARED_SELECTOR = YES;
				GCC_WARN_UNINITIALIZED_AUTOS = YES_AGGRESSIVE;
				GCC_WARN_UNUSED_FUNCTION = YES;
				GCC_WARN_UNUSED_VARIABLE = YES;
				LOCALIZATION_PREFERS_STRING_CATALOGS = YES;
				MACOSX_DEPLOYMENT_TARGET = 15.5;
				MTL_ENABLE_DEBUG_INFO = NO;
				MTL_FAST_MATH = YES;
				SDKROOT = macosx;
				SWIFT_COMPILATION_MODE = wholemodule;
			};
			name = Release;
		};
		BB5497492EACAB42009F314A /* Debug */ = {
			isa = XCBuildConfiguration;
			buildSettings = {
				ASSETCATALOG_COMPILER_APPICON_NAME = AppIcon;
				ASSETCATALOG_COMPILER_GLOBAL_ACCENT_COLOR_NAME = AccentColor;
				CODE_SIGN_ENTITLEMENTS = DrsMainApp/DrsMainApp.entitlements;
				CODE_SIGN_STYLE = Automatic;
				COMBINE_HIDPI_IMAGES = YES;
				CURRENT_PROJECT_VERSION = 1;
				DEVELOPMENT_TEAM = 6Q54BDS5LK;
				ENABLE_HARDENED_RUNTIME = YES;
				ENABLE_PREVIEWS = YES;
				GENERATE_INFOPLIST_FILE = YES;
				INFOPLIST_KEY_NSHumanReadableCopyright = "";
				LD_RUNPATH_SEARCH_PATHS = (
					"$(inherited)",
					"@executable_path/../Frameworks",
				);
				MARKETING_VERSION = 1.0;
				PRODUCT_BUNDLE_IDENTIFIER = Yunastic.DrsMainApp;
				PRODUCT_NAME = "$(TARGET_NAME)";
				REGISTER_APP_GROUPS = YES;
				SWIFT_EMIT_LOC_STRINGS = YES;
				SWIFT_VERSION = 5.0;
			};
			name = Debug;
		};
		BB54974A2EACAB42009F314A /* Release */ = {
			isa = XCBuildConfiguration;
			buildSettings = {
				ASSETCATALOG_COMPILER_APPICON_NAME = AppIcon;
				ASSETCATALOG_COMPILER_GLOBAL_ACCENT_COLOR_NAME = AccentColor;
				CODE_SIGN_ENTITLEMENTS = DrsMainApp/DrsMainApp.entitlements;
				CODE_SIGN_STYLE = Automatic;
				COMBINE_HIDPI_IMAGES = YES;
				CURRENT_PROJECT_VERSION = 1;
				DEVELOPMENT_TEAM = 6Q54BDS5LK;
				ENABLE_HARDENED_RUNTIME = YES;
				ENABLE_PREVIEWS = YES;
				GENERATE_INFOPLIST_FILE = YES;
				INFOPLIST_KEY_NSHumanReadableCopyright = "";
				LD_RUNPATH_SEARCH_PATHS = (
					"$(inherited)",
					"@executable_path/../Frameworks",
				);
				MARKETING_VERSION = 1.0;
				PRODUCT_BUNDLE_IDENTIFIER = Yunastic.DrsMainApp;
				PRODUCT_NAME = "$(TARGET_NAME)";
				REGISTER_APP_GROUPS = YES;
				SWIFT_EMIT_LOC_STRINGS = YES;
				SWIFT_VERSION = 5.0;
			};
			name = Release;
		};
/* End XCBuildConfiguration section */

/* Begin XCConfigurationList section */
		BB5497372EACAB41009F314A /* Build configuration list for PBXProject "DrsMainApp" */ = {
			isa = XCConfigurationList;
			buildConfigurations = (
				BB5497462EACAB42009F314A /* Debug */,
				BB5497472EACAB42009F314A /* Release */,
			);
			defaultConfigurationIsVisible = 0;
			defaultConfigurationName = Release;
		};
		BB5497482EACAB42009F314A /* Build configuration list for PBXNativeTarget "DrsMainApp" */ = {
			isa = XCConfigurationList;
			buildConfigurations = (
				BB5497492EACAB42009F314A /* Debug */,
				BB54974A2EACAB42009F314A /* Release */,
			);
			defaultConfigurationIsVisible = 0;
			defaultConfigurationName = Release;
		};
/* End XCConfigurationList section */

/* Begin XCSwiftPackageProductDependency section */
		BB9E72BC2EAD1A1C00601148 /* PediaShared */ = {
			isa = XCSwiftPackageProductDependency;
			productName = PediaShared;
		};
/* End XCSwiftPackageProductDependency section */
	};
	rootObject = BB5497342EACAB41009F314A /* Project object */;
}
